lockfileVersion: '9.0'

settings:
  autoInstallPeers: true
  excludeLinksFromLockfile: false

importers:

  .:
    dependencies:
      nanoid:
        specifier: '*'
        version: 5.0.7
      replicache:
        specifier: '*'
        version: 15.0.1

packages:

  '@badrap/valita@0.3.9':
    resolution: {integrity: sha512-keFt5iCwI6H5lbvhg2ZJCWa1xRffdpk6/LHCaayubaRM2zhnRIIBE1d+2NEzXLSk4Fe/aklGNXVPt7hNkvBH6g==}
    engines: {node: '>= 16'}

  '@rocicorp/lock@1.0.4':
    resolution: {integrity: sha512-FavTiO8ETXFXDVfA87IThGduTTTR8iqzBnr/c60gUUmbk7knGEXPmf2B+yiNuluJD0ku0fL2V2r62UXnsLXl6w==}
    engines: {node: ^12.20.0 || ^14.13.1 || >=16.0.0}

  '@rocicorp/logger@5.2.2':
    resolution: {integrity: sha512-lqS/SUUBdiGzsIPD2awMiOzwo0DpAjMriPtqpALausplVHDjyJjUyScrB0Y7QcvxDfSPFkJzT5FncgIU3uBF2g==}

  '@rocicorp/resolver@1.0.2':
    resolution: {integrity: sha512-TfjMTQp9cNNqNtHFfa+XHEGdA7NnmDRu+ZJH4YF3dso0Xk/b9DMhg/sl+b6CR4ThFZArXXDsG1j8Mwl34wcOZQ==}
    engines: {node: ^12.20.0 || ^14.13.1 || >=16.0.0}

  nanoid@5.0.7:
    resolution: {integrity: sha512-oLxFY2gd2IqnjcYyOXD8XGCftpGtZP2AbHbOkthDkvRywH5ayNtPVy9YlOPcHckXzbLTCHpkb7FB+yuxKV13pQ==}
    engines: {node: ^18 || >=20}
    hasBin: true

  replicache@15.0.1:
    resolution: {integrity: sha512-I7HK6h2eT2QNxO4mwQFDqbuxhvCQgSlU4QuwfN9dqA6EKnO73VYiKB676r36N3q5W7L+htLgAcrSsrX+JPsRlQ==}
    engines: {node: '>=14.8.0'}
    hasBin: true

snapshots:

  '@badrap/valita@0.3.9': {}

  '@rocicorp/lock@1.0.4':
    dependencies:
      '@rocicorp/resolver': 1.0.2

  '@rocicorp/logger@5.2.2': {}

  '@rocicorp/resolver@1.0.2': {}

  nanoid@5.0.7: {}

  replicache@15.0.1:
    dependencies:
      '@badrap/valita': 0.3.9
      '@rocicorp/lock': 1.0.4
      '@rocicorp/logger': 5.2.2
      '@rocicorp/resolver': 1.0.2
